// !$*UTF8*$!
{
	archiveVersion = 1;
	classes = {
	};
	objectVersion = 50;
	objects = {

/* Begin PBXBuildFile section */
		F4E355CD26071BA500FE3CAE /* AppDelegate.swift in Sources */ = {isa = PBXBuildFile; fileRef = F4E355CC26071BA500FE3CAE /* AppDelegate.swift */; };
		F4E355CF26071BA500FE3CAE /* SceneDelegate.swift in Sources */ = {isa = PBXBuildFile; fileRef = F4E355CE26071BA500FE3CAE /* SceneDelegate.swift */; };
		F4E355D126071BA500FE3CAE /* ViewController.swift in Sources */ = {isa = PBXBuildFile; fileRef = F4E355D026071BA500FE3CAE /* ViewController.swift */; };
		F4E355D426071BA500FE3CAE /* Main.storyboard in Resources */ = {isa = PBXBuildFile; fileRef = F4E355D226071BA500FE3CAE /* Main.storyboard */; };
		F4E355D626071BA700FE3CAE /* Assets.xcassets in Resources */ = {isa = PBXBuildFile; fileRef = F4E355D526071BA700FE3CAE /* Assets.xcassets */; };
		F4E355D926071BA700FE3CAE /* LaunchScreen.storyboard in Resources */ = {isa = PBXBuildFile; fileRef = F4E355D726071BA700FE3CAE /* LaunchScreen.storyboard */; };
		F4E355E426071BA700FE3CAE /* CalculatorTests.swift in Sources */ = {isa = PBXBuildFile; fileRef = F4E355E326071BA700FE3CAE /* CalculatorTests.swift */; };
		F4E355EF26071BA700FE3CAE /* CalculatorUITests.swift in Sources */ = {isa = PBXBuildFile; fileRef = F4E355EE26071BA700FE3CAE /* CalculatorUITests.swift */; };
/* End PBXBuildFile section */

/* Begin PBXContainerItemProxy section */
		F4E355E026071BA700FE3CAE /* PBXContainerItemProxy */ = {
			isa = PBXContainerItemProxy;
			containerPortal = F4E355C126071BA500FE3CAE /* Project object */;
			proxyType = 1;
			remoteGlobalIDString = F4E355C826071BA500FE3CAE;
			remoteInfo = Calculator;
		};
		F4E355EB26071BA700FE3CAE /* PBXContainerItemProxy */ = {
			isa = PBXContainerItemProxy;
			containerPortal = F4E355C126071BA500FE3CAE /* Project object */;
			proxyType = 1;
			remoteGlobalIDString = F4E355C826071BA500FE3CAE;
			remoteInfo = Calculator;
		};
/* End PBXContainerItemProxy section */

/* Begin PBXFileReference section */
		F4E355C926071BA500FE3CAE /* Calculator.app */ = {isa = PBXFileReference; explicitFileType = wrapper.application; includeInIndex = 0; path = Calculator.app; sourceTree = BUILT_PRODUCTS_DIR; };
		F4E355CC26071BA500FE3CAE /* AppDelegate.swift */ = {isa = PBXFileReference; lastKnownFileType = sourcecode.swift; path = AppDelegate.swift; sourceTree = "<group>"; };
		F4E355CE26071BA500FE3CAE /* SceneDelegate.swift */ = {isa = PBXFileReference; lastKnownFileType = sourcecode.swift; path = SceneDelegate.swift; sourceTree = "<group>"; };
		F4E355D026071BA500FE3CAE /* ViewController.swift */ = {isa = PBXFileReference; lastKnownFileType = sourcecode.swift; path = ViewController.swift; sourceTree = "<group>"; };
		F4E355D326071BA500FE3CAE /* Base */ = {isa = PBXFileReference; lastKnownFileType = file.storyboard; name = Base; path = Base.lproj/Main.storyboard; sourceTree = "<group>"; };
		F4E355D526071BA700FE3CAE /* Assets.xcassets */ = {isa = PBXFileReference; lastKnownFileType = folder.assetcatalog; path = Assets.xcassets; sourceTree = "<group>"; };
		F4E355D826071BA700FE3CAE /* Base */ = {isa = PBXFileReference; lastKnownFileType = file.storyboard; name = Base; path = Base.lproj/LaunchScreen.storyboard; sourceTree = "<group>"; };
		F4E355DA26071BA700FE3CAE /* Info.plist */ = {isa = PBXFileReference; lastKnownFileType = text.plist.xml; path = Info.plist; sourceTree = "<group>"; };
		F4E355DF26071BA700FE3CAE /* CalculatorTests.xctest */ = {isa = PBXFileReference; explicitFileType = wrapper.cfbundle; includeInIndex = 0; path = CalculatorTests.xctest; sourceTree = BUILT_PRODUCTS_DIR; };
		F4E355E326071BA700FE3CAE /* CalculatorTests.swift */ = {isa = PBXFileReference; lastKnownFileType = sourcecode.swift; path = CalculatorTests.swift; sourceTree = "<group>"; };
		F4E355E526071BA700FE3CAE /* Info.plist */ = {isa = PBXFileReference; lastKnownFileType = text.plist.xml; path = Info.plist; sourceTree = "<group>"; };
		F4E355EA26071BA700FE3CAE /* CalculatorUITests.xctest */ = {isa = PBXFileReference; explicitFileType = wrapper.cfbundle; includeInIndex = 0; path = CalculatorUITests.xctest; sourceTree = BUILT_PRODUCTS_DIR; };
		F4E355EE26071BA700FE3CAE /* CalculatorUITests.swift */ = {isa = PBXFileReference; lastKnownFileType = sourcecode.swift; path = CalculatorUITests.swift; sourceTree = "<group>"; };
		F4E355F026071BA700FE3CAE /* Info.plist */ = {isa = PBXFileReference; lastKnownFileType = text.plist.xml; path = Info.plist; sourceTree = "<group>"; };
/* End PBXFileReference section */

/* Begin PBXFrameworksBuildPhase section */
		F4E355C626071BA500FE3CAE /* Frameworks */ = {
			isa = PBXFrameworksBuildPhase;
			buildActionMask = 2147483647;
			files = (
			);
			runOnlyForDeploymentPostprocessing = 0;
		};
		F4E355DC26071BA700FE3CAE /* Frameworks */ = {
			isa = PBXFrameworksBuildPhase;
			buildActionMask = 2147483647;
			files = (
			);
			runOnlyForDeploymentPostprocessing = 0;
		};
		F4E355E726071BA700FE3CAE /* Frameworks */ = {
			isa = PBXFrameworksBuildPhase;
			buildActionMask = 2147483647;
			files = (
			);
			runOnlyForDeploymentPostprocessing = 0;
		};
/* End PBXFrameworksBuildPhase section */

/* Begin PBXGroup section */
		F4E355C026071BA500FE3CAE = {
			isa = PBXGroup;
			children = (
				F4E355CB26071BA500FE3CAE /* Calculator */,
				F4E355E226071BA700FE3CAE /* CalculatorTests */,
				F4E355ED26071BA700FE3CAE /* CalculatorUITests */,
				F4E355CA26071BA500FE3CAE /* Products */,
			);
			sourceTree = "<group>";
		};
		F4E355CA26071BA500FE3CAE /* Products */ = {
			isa = PBXGroup;
			children = (
				F4E355C926071BA500FE3CAE /* Calculator.app */,
				F4E355DF26071BA700FE3CAE /* CalculatorTests.xctest */,
				F4E355EA26071BA700FE3CAE /* CalculatorUITests.xctest */,
			);
			name = Products;
			sourceTree = "<group>";
		};
		F4E355CB26071BA500FE3CAE /* Calculator */ = {
			isa = PBXGroup;
			children = (
				F4E355CC26071BA500FE3CAE /* AppDelegate.swift */,
				F4E355CE26071BA500FE3CAE /* SceneDelegate.swift */,
				F4E355D026071BA500FE3CAE /* ViewController.swift */,
				F4E355D226071BA500FE3CAE /* Main.storyboard */,
				F4E355D526071BA700FE3CAE /* Assets.xcassets */,
				F4E355D726071BA700FE3CAE /* LaunchScreen.storyboard */,
				F4E355DA26071BA700FE3CAE /* Info.plist */,
			);
			path = Calculator;
			sourceTree = "<group>";
		};
		F4E355E226071BA700FE3CAE /* CalculatorTests */ = {
			isa = PBXGroup;
			children = (
				F4E355E326071BA700FE3CAE /* CalculatorTests.swift */,
				F4E355E526071BA700FE3CAE /* Info.plist */,
			);
			path = CalculatorTests;
			sourceTree = "<group>";
		};
		F4E355ED26071BA700FE3CAE /* CalculatorUITests */ = {
			isa = PBXGroup;
			children = (
				F4E355EE26071BA700FE3CAE /* CalculatorUITests.swift */,
				F4E355F026071BA700FE3CAE /* Info.plist */,
			);
			path = CalculatorUITests;
			sourceTree = "<group>";
		};
/* End PBXGroup section */

/* Begin PBXNativeTarget section */
		F4E355C826071BA500FE3CAE /* Calculator */ = {
			isa = PBXNativeTarget;
			buildConfigurationList = F4E355F326071BA700FE3CAE /* Build configuration list for PBXNativeTarget "Calculator" */;
			buildPhases = (
				F4E355C526071BA500FE3CAE /* Sources */,
				F4E355C626071BA500FE3CAE /* Frameworks */,
				F4E355C726071BA500FE3CAE /* Resources */,
			);
			buildRules = (
			);
			dependencies = (
			);
			name = Calculator;
			productName = Calculator;
			productReference = F4E355C926071BA500FE3CAE /* Calculator.app */;
			productType = "com.apple.product-type.application";
		};
		F4E355DE26071BA700FE3CAE /* CalculatorTests */ = {
			isa = PBXNativeTarget;
			buildConfigurationList = F4E355F626071BA700FE3CAE /* Build configuration list for PBXNativeTarget "CalculatorTests" */;
			buildPhases = (
				F4E355DB26071BA700FE3CAE /* Sources */,
				F4E355DC26071BA700FE3CAE /* Frameworks */,
				F4E355DD26071BA700FE3CAE /* Resources */,
			);
			buildRules = (
			);
			dependencies = (
				F4E355E126071BA700FE3CAE /* PBXTargetDependency */,
			);
			name = CalculatorTests;
			productName = CalculatorTests;
			productReference = F4E355DF26071BA700FE3CAE /* CalculatorTests.xctest */;
			productType = "com.apple.product-type.bundle.unit-test";
		};
		F4E355E926071BA700FE3CAE /* CalculatorUITests */ = {
			isa = PBXNativeTarget;
			buildConfigurationList = F4E355F926071BA700FE3CAE /* Build configuration list for PBXNativeTarget "CalculatorUITests" */;
			buildPhases = (
				F4E355E626071BA700FE3CAE /* Sources */,
				F4E355E726071BA700FE3CAE /* Frameworks */,
				F4E355E826071BA700FE3CAE /* Resources */,
			);
			buildRules = (
			);
			dependencies = (
				F4E355EC26071BA700FE3CAE /* PBXTargetDependency */,
			);
			name = CalculatorUITests;
			productName = CalculatorUITests;
			productReference = F4E355EA26071BA700FE3CAE /* CalculatorUITests.xctest */;
			productType = "com.apple.product-type.bundle.ui-testing";
		};
/* End PBXNativeTarget section */

/* Begin PBXProject section */
		F4E355C126071BA500FE3CAE /* Project object */ = {
			isa = PBXProject;
			attributes = {
				LastSwiftUpdateCheck = 1240;
				LastUpgradeCheck = 1240;
				TargetAttributes = {
					F4E355C826071BA500FE3CAE = {
						CreatedOnToolsVersion = 12.4;
					};
					F4E355DE26071BA700FE3CAE = {
						CreatedOnToolsVersion = 12.4;
						TestTargetID = F4E355C826071BA500FE3CAE;
					};
					F4E355E926071BA700FE3CAE = {
						CreatedOnToolsVersion = 12.4;
						TestTargetID = F4E355C826071BA500FE3CAE;
					};
				};
			};
			buildConfigurationList = F4E355C426071BA500FE3CAE /* Build configuration list for PBXProject "Calculator" */;
			compatibilityVersion = "Xcode 9.3";
			developmentRegion = en;
			hasScannedForEncodings = 0;
			knownRegions = (
				en,
				Base,
			);
			mainGroup = F4E355C026071BA500FE3CAE;
			productRefGroup = F4E355CA26071BA500FE3CAE /* Products */;
			projectDirPath = "";
			projectRoot = "";
			targets = (
				F4E355C826071BA500FE3CAE /* Calculator */,
				F4E355DE26071BA700FE3CAE /* CalculatorTests */,
				F4E355E926071BA700FE3CAE /* CalculatorUITests */,
			);
		};
/* End PBXProject section */

/* Begin PBXResourcesBuildPhase section */
		F4E355C726071BA500FE3CAE /* Resources */ = {
			isa = PBXResourcesBuildPhase;
			buildActionMask = 2147483647;
			files = (
				F4E355D926071BA700FE3CAE /* LaunchScreen.storyboard in Resources */,
				F4E355D626071BA700FE3CAE /* Assets.xcassets in Resources */,
				F4E355D426071BA500FE3CAE /* Main.storyboard in Resources */,
			);
			runOnlyForDeploymentPostprocessing = 0;
		};
		F4E355DD26071BA700FE3CAE /* Resources */ = {
			isa = PBXResourcesBuildPhase;
			buildActionMask = 2147483647;
			files = (
			);
			runOnlyForDeploymentPostprocessing = 0;
		};
		F4E355E826071BA700FE3CAE /* Resources */ = {
			isa = PBXResourcesBuildPhase;
			buildActionMask = 2147483647;
			files = (
			);
			runOnlyForDeploymentPostprocessing = 0;
		};
/* End PBXResourcesBuildPhase section */

/* Begin PBXSourcesBuildPhase section */
		F4E355C526071BA500FE3CAE /* Sources */ = {
			isa = PBXSourcesBuildPhase;
			buildActionMask = 2147483647;
			files = (
				F4E355D126071BA500FE3CAE /* ViewController.swift in Sources */,
				F4E355CD26071BA500FE3CAE /* AppDelegate.swift in Sources */,
				F4E355CF26071BA500FE3CAE /* SceneDelegate.swift in Sources */,
			);
			runOnlyForDeploymentPostprocessing = 0;
		};
		F4E355DB26071BA700FE3CAE /* Sources */ = {
			isa = PBXSourcesBuildPhase;
			buildActionMask = 2147483647;
			files = (
				F4E355E426071BA700FE3CAE /* CalculatorTests.swift in Sources */,
			);
			runOnlyForDeploymentPostprocessing = 0;
		};
		F4E355E626071BA700FE3CAE /* Sources */ = {
			isa = PBXSourcesBuildPhase;
			buildActionMask = 2147483647;
			files = (
				F4E355EF26071BA700FE3CAE /* CalculatorUITests.swift in Sources */,
			);
			runOnlyForDeploymentPostprocessing = 0;
		};
/* End PBXSourcesBuildPhase section */

/* Begin PBXTargetDependency section */
		F4E355E126071BA700FE3CAE /* PBXTargetDependency */ = {
			isa = PBXTargetDependency;
			target = F4E355C826071BA500FE3CAE /* Calculator */;
			targetProxy = F4E355E026071BA700FE3CAE /* PBXContainerItemProxy */;
		};
		F4E355EC26071BA700FE3CAE /* PBXTargetDependency */ = {
			isa = PBXTargetDependency;
			target = F4E355C826071BA500FE3CAE /* Calculator */;
			targetProxy = F4E355EB26071BA700FE3CAE /* PBXContainerItemProxy */;
		};
/* End PBXTargetDependency section */

/* Begin PBXVariantGroup section */
		F4E355D226071BA500FE3CAE /* Main.storyboard */ = {
			isa = PBXVariantGroup;
			children = (
				F4E355D326071BA500FE3CAE /* Base */,
			);
			name = Main.storyboard;
			sourceTree = "<group>";
		};
		F4E355D726071BA700FE3CAE /* LaunchScreen.storyboard */ = {
			isa = PBXVariantGroup;
			children = (
				F4E355D826071BA700FE3CAE /* Base */,
			);
			name = LaunchScreen.storyboard;
			sourceTree = "<group>";
		};
/* End PBXVariantGroup section */

/* Begin XCBuildConfiguration section */
		F4E355F126071BA700FE3CAE /* Debug */ = {
			isa = XCBuildConfiguration;
			buildSettings = {
				ALWAYS_SEARCH_USER_PATHS = NO;
				CLANG_ANALYZER_NONNULL = YES;
				CLANG_ANALYZER_NUMBER_OBJECT_CONVERSION = YES_AGGRESSIVE;
				CLANG_CXX_LANGUAGE_STANDARD = "gnu++14";
				CLANG_CXX_LIBRARY = "libc++";
				CLANG_ENABLE_MODULES = YES;
				CLANG_ENABLE_OBJC_ARC = YES;
				CLANG_ENABLE_OBJC_WEAK = YES;
				CLANG_WARN_BLOCK_CAPTURE_AUTORELEASING = YES;
				CLANG_WARN_BOOL_CONVERSION = YES;
				CLANG_WARN_COMMA = YES;
				CLANG_WARN_CONSTANT_CONVERSION = YES;
				CLANG_WARN_DEPRECATED_OBJC_IMPLEMENTATIONS = YES;
				CLANG_WARN_DIRECT_OBJC_ISA_USAGE = YES_ERROR;
				CLANG_WARN_DOCUMENTATION_COMMENTS = YES;
				CLANG_WARN_EMPTY_BODY = YES;
				CLANG_WARN_ENUM_CONVERSION = YES;
				CLANG_WARN_INFINITE_RECURSION = YES;
				CLANG_WARN_INT_CONVERSION = YES;
				CLANG_WARN_NON_LITERAL_NULL_CONVERSION = YES;
				CLANG_WARN_OBJC_IMPLICIT_RETAIN_SELF = YES;
				CLANG_WARN_OBJC_LITERAL_CONVERSION = YES;
				CLANG_WARN_OBJC_ROOT_CLASS = YES_ERROR;
				CLANG_WARN_QUOTED_INCLUDE_IN_FRAMEWORK_HEADER = YES;
				CLANG_WARN_RANGE_LOOP_ANALYSIS = YES;
				CLANG_WARN_STRICT_PROTOTYPES = YES;
				CLANG_WARN_SUSPICIOUS_MOVE = YES;
				CLANG_WARN_UNGUARDED_AVAILABILITY = YES_AGGRESSIVE;
				CLANG_WARN_UNREACHABLE_CODE = YES;
				CLANG_WARN__DUPLICATE_METHOD_MATCH = YES;
				COPY_PHASE_STRIP = NO;
				DEBUG_INFORMATION_FORMAT = dwarf;
				ENABLE_STRICT_OBJC_MSGSEND = YES;
				ENABLE_TESTABILITY = YES;
				GCC_C_LANGUAGE_STANDARD = gnu11;
				GCC_DYNAMIC_NO_PIC = NO;
				GCC_NO_COMMON_BLOCKS = YES;
				GCC_OPTIMIZATION_LEVEL = 0;
				GCC_PREPROCESSOR_DEFINITIONS = (
					"DEBUG=1",
					"$(inherited)",
				);
				GCC_WARN_64_TO_32_BIT_CONVERSION = YES;
				GCC_WARN_ABOUT_RETURN_TYPE = YES_ERROR;
				GCC_WARN_UNDECLARED_SELECTOR = YES;
				GCC_WARN_UNINITIALIZED_AUTOS = YES_AGGRESSIVE;
				GCC_WARN_UNUSED_FUNCTION = YES;
				GCC_WARN_UNUSED_VARIABLE = YES;
				IPHONEOS_DEPLOYMENT_TARGET = 14.4;
				MTL_ENABLE_DEBUG_INFO = INCLUDE_SOURCE;
				MTL_FAST_MATH = YES;
				ONLY_ACTIVE_ARCH = YES;
				SDKROOT = iphoneos;
				SWIFT_ACTIVE_COMPILATION_CONDITIONS = DEBUG;
				SWIFT_OPTIMIZATION_LEVEL = "-Onone";
			};
			name = Debug;
		};
		F4E355F226071BA700FE3CAE /* Release */ = {
			isa = XCBuildConfiguration;
			buildSettings = {
				ALWAYS_SEARCH_USER_PATHS = NO;
				CLANG_ANALYZER_NONNULL = YES;
				CLANG_ANALYZER_NUMBER_OBJECT_CONVERSION = YES_AGGRESSIVE;
				CLANG_CXX_LANGUAGE_STANDARD = "gnu++14";
				CLANG_CXX_LIBRARY = "libc++";
				CLANG_ENABLE_MODULES = YES;
				CLANG_ENABLE_OBJC_ARC = YES;
				CLANG_ENABLE_OBJC_WEAK = YES;
				CLANG_WARN_BLOCK_CAPTURE_AUTORELEASING = YES;
				CLANG_WARN_BOOL_CONVERSION = YES;
				CLANG_WARN_COMMA = YES;
				CLANG_WARN_CONSTANT_CONVERSION = YES;
				CLANG_WARN_DEPRECATED_OBJC_IMPLEMENTATIONS = YES;
				CLANG_WARN_DIRECT_OBJC_ISA_USAGE = YES_ERROR;
				CLANG_WARN_DOCUMENTATION_COMMENTS = YES;
				CLANG_WARN_EMPTY_BODY = YES;
				CLANG_WARN_ENUM_CONVERSION = YES;
				CLANG_WARN_INFINITE_RECURSION = YES;
				CLANG_WARN_INT_CONVERSION = YES;
				CLANG_WARN_NON_LITERAL_NULL_CONVERSION = YES;
				CLANG_WARN_OBJC_IMPLICIT_RETAIN_SELF = YES;
				CLANG_WARN_OBJC_LITERAL_CONVERSION = YES;
				CLANG_WARN_OBJC_ROOT_CLASS = YES_ERROR;
				CLANG_WARN_QUOTED_INCLUDE_IN_FRAMEWORK_HEADER = YES;
				CLANG_WARN_RANGE_LOOP_ANALYSIS = YES;
				CLANG_WARN_STRICT_PROTOTYPES = YES;
				CLANG_WARN_SUSPICIOUS_MOVE = YES;
				CLANG_WARN_UNGUARDED_AVAILABILITY = YES_AGGRESSIVE;
				CLANG_WARN_UNREACHABLE_CODE = YES;
				CLANG_WARN__DUPLICATE_METHOD_MATCH = YES;
				COPY_PHASE_STRIP = NO;
				DEBUG_INFORMATION_FORMAT = "dwarf-with-dsym";
				ENABLE_NS_ASSERTIONS = NO;
				ENABLE_STRICT_OBJC_MSGSEND = YES;
				GCC_C_LANGUAGE_STANDARD = gnu11;
				GCC_NO_COMMON_BLOCKS = YES;
				GCC_WARN_64_TO_32_BIT_CONVERSION = YES;
				GCC_WARN_ABOUT_RETURN_TYPE = YES_ERROR;
				GCC_WARN_UNDECLARED_SELECTOR = YES;
				GCC_WARN_UNINITIALIZED_AUTOS = YES_AGGRESSIVE;
				GCC_WARN_UNUSED_FUNCTION = YES;
				GCC_WARN_UNUSED_VARIABLE = YES;
				IPHONEOS_DEPLOYMENT_TARGET = 14.4;
				MTL_ENABLE_DEBUG_INFO = NO;
				MTL_FAST_MATH = YES;
				SDKROOT = iphoneos;
				SWIFT_COMPILATION_MODE = wholemodule;
				SWIFT_OPTIMIZATION_LEVEL = "-O";
				VALIDATE_PRODUCT = YES;
			};
			name = Release;
		};
		F4E355F426071BA700FE3CAE /* Debug */ = {
			isa = XCBuildConfiguration;
			buildSettings = {
				ASSETCATALOG_COMPILER_APPICON_NAME = AppIcon;
				ASSETCATALOG_COMPILER_GLOBAL_ACCENT_COLOR_NAME = AccentColor;
				CODE_SIGN_STYLE = Automatic;
				DEVELOPMENT_TEAM = 2N5BZXFW99;
				INFOPLIST_FILE = Calculator/Info.plist;
				LD_RUNPATH_SEARCH_PATHS = (
					"$(inherited)",
					"@executable_path/Frameworks",
				);
				PRODUCT_BUNDLE_IDENTIFIER = com.stevebrains.Calculator;
				PRODUCT_NAME = "$(TARGET_NAME)";
				SWIFT_VERSION = 5.0;
				TARGETED_DEVICE_FAMILY = "1,2";
			};
			name = Debug;
		};
		F4E355F526071BA700FE3CAE /* Release */ = {
			isa = XCBuildConfiguration;
			buildSettings = {
				ASSETCATALOG_COMPILER_APPICON_NAME = AppIcon;
				ASSETCATALOG_COMPILER_GLOBAL_ACCENT_COLOR_NAME = AccentColor;
				CODE_SIGN_STYLE = Automatic;
				DEVELOPMENT_TEAM = 2N5BZXFW99;
				INFOPLIST_FILE = Calculator/Info.plist;
				LD_RUNPATH_SEARCH_PATHS = (
					"$(inherited)",
					"@executable_path/Frameworks",
				);
				PRODUCT_BUNDLE_IDENTIFIER = com.stevebrains.Calculator;
				PRODUCT_NAME = "$(TARGET_NAME)";
				SWIFT_VERSION = 5.0;
				TARGETED_DEVICE_FAMILY = "1,2";
			};
			name = Release;
		};
		F4E355F726071BA700FE3CAE /* Debug */ = {
			isa = XCBuildConfiguration;
			buildSettings = {
				ALWAYS_EMBED_SWIFT_STANDARD_LIBRARIES = YES;
				BUNDLE_LOADER = "$(TEST_HOST)";
				CODE_SIGN_STYLE = Automatic;
				INFOPLIST_FILE = CalculatorTests/Info.plist;
				IPHONEOS_DEPLOYMENT_TARGET = 14.4;
				LD_RUNPATH_SEARCH_PATHS = (
					"$(inherited)",
					"@executable_path/Frameworks",
					"@loader_path/Frameworks",
				);
				PRODUCT_BUNDLE_IDENTIFIER = com.stevebrains.CalculatorTests;
				PRODUCT_NAME = "$(TARGET_NAME)";
				SWIFT_VERSION = 5.0;
				TARGETED_DEVICE_FAMILY = "1,2";
				TEST_HOST = "$(BUILT_PRODUCTS_DIR)/Calculator.app/Calculator";
			};
			name = Debug;
		};
		F4E355F826071BA700FE3CAE /* Release */ = {
			isa = XCBuildConfiguration;
			buildSettings = {
				ALWAYS_EMBED_SWIFT_STANDARD_LIBRARIES = YES;
				BUNDLE_LOADER = "$(TEST_HOST)";
				CODE_SIGN_STYLE = Automatic;
				INFOPLIST_FILE = CalculatorTests/Info.plist;
				IPHONEOS_DEPLOYMENT_TARGET = 14.4;
				LD_RUNPATH_SEARCH_PATHS = (
					"$(inherited)",
					"@executable_path/Frameworks",
					"@loader_path/Frameworks",
				);
				PRODUCT_BUNDLE_IDENTIFIER = com.stevebrains.CalculatorTests;
				PRODUCT_NAME = "$(TARGET_NAME)";
				SWIFT_VERSION = 5.0;
				TARGETED_DEVICE_FAMILY = "1,2";
				TEST_HOST = "$(BUILT_PRODUCTS_DIR)/Calculator.app/Calculator";
			};
			name = Release;
		};
		F4E355FA26071BA700FE3CAE /* Debug */ = {
			isa = XCBuildConfiguration;
			buildSettings = {
				ALWAYS_EMBED_SWIFT_STANDARD_LIBRARIES = YES;
				CODE_SIGN_STYLE = Automatic;
				INFOPLIST_FILE = CalculatorUITests/Info.plist;
				LD_RUNPATH_SEARCH_PATHS = (
					"$(inherited)",
					"@executable_path/Frameworks",
					"@loader_path/Frameworks",
				);
				PRODUCT_BUNDLE_IDENTIFIER = com.stevebrains.CalculatorUITests;
				PRODUCT_NAME = "$(TARGET_NAME)";
				SWIFT_VERSION = 5.0;
				TARGETED_DEVICE_FAMILY = "1,2";
				TEST_TARGET_NAME = Calculator;
			};
			name = Debug;
		};
		F4E355FB26071BA700FE3CAE /* Release */ = {
			isa = XCBuildConfiguration;
			buildSettings = {
				ALWAYS_EMBED_SWIFT_STANDARD_LIBRARIES = YES;
				CODE_SIGN_STYLE = Automatic;
				INFOPLIST_FILE = CalculatorUITests/Info.plist;
				LD_RUNPATH_SEARCH_PATHS = (
					"$(inherited)",
					"@executable_path/Frameworks",
					"@loader_path/Frameworks",
				);
				PRODUCT_BUNDLE_IDENTIFIER = com.stevebrains.CalculatorUITests;
				PRODUCT_NAME = "$(TARGET_NAME)";
				SWIFT_VERSION = 5.0;
				TARGETED_DEVICE_FAMILY = "1,2";
				TEST_TARGET_NAME = Calculator;
			};
			name = Release;
		};
/* End XCBuildConfiguration section */

/* Begin XCConfigurationList section */
		F4E355C426071BA500FE3CAE /* Build configuration list for PBXProject "Calculator" */ = {
			isa = XCConfigurationList;
			buildConfigurations = (
				F4E355F126071BA700FE3CAE /* Debug */,
				F4E355F226071BA700FE3CAE /* Release */,
			);
			defaultConfigurationIsVisible = 0;
			defaultConfigurationName = Release;
		};
		F4E355F326071BA700FE3CAE /* Build configuration list for PBXNativeTarget "Calculator" */ = {
			isa = XCConfigurationList;
			buildConfigurations = (
				F4E355F426071BA700FE3CAE /* Debug */,
				F4E355F526071BA700FE3CAE /* Release */,
			);
			defaultConfigurationIsVisible = 0;
			defaultConfigurationName = Release;
		};
		F4E355F626071BA700FE3CAE /* Build configuration list for PBXNativeTarget "CalculatorTests" */ = {
			isa = XCConfigurationList;
			buildConfigurations = (
				F4E355F726071BA700FE3CAE /* Debug */,
				F4E355F826071BA700FE3CAE /* Release */,
			);
			defaultConfigurationIsVisible = 0;
			defaultConfigurationName = Release;
		};
		F4E355F926071BA700FE3CAE /* Build configuration list for PBXNativeTarget "CalculatorUITests" */ = {
			isa = XCConfigurationList;
			buildConfigurations = (
				F4E355FA26071BA700FE3CAE /* Debug */,
				F4E355FB26071BA700FE3CAE /* Release */,
			);
			defaultConfigurationIsVisible = 0;
			defaultConfigurationName = Release;
		};
/* End XCConfigurationList section */
	};
	rootObject = F4E355C126071BA500FE3CAE /* Project object */;
}
